
Microsoft Visual Studio Solution File, Format Version 12.00
Project("{FAE04EC0-301F-11D3-BF4B-00C04F79EFBC}") = "BWDotNetTrainingBatch5.ConsoleApp", "BWDotNetTrainingBatch5.ConsoleApp\BWDotNetTrainingBatch5.ConsoleApp.csproj", "{77173262-D654-4FD8-818B-EDA15F6E1AD8}"
EndProject
Project("{FAE04EC0-301F-11D3-BF4B-00C04F79EFBC}") = "BWDotNetTrainingBatch5.Database", "BWDotNetTrainingBatch5.Database\BWDotNetTrainingBatch5.Database.csproj", "{433354F4-A225-4E31-B771-27EC999C1421}"
EndProject
Project("{FAE04EC0-301F-11D3-BF4B-00C04F79EFBC}") = "BWDotNetTrainingBatch5.ConsoleApp2", "BWDotNetTrainingBatch5.ConsoleApp2\BWDotNetTrainingBatch5.ConsoleApp2.csproj", "{7234797E-E0E2-4756-921F-9032B1DFB04A}"
EndProject
Project("{FAE04EC0-301F-11D3-BF4B-00C04F79EFBC}") = "BWDotNetTrainingBatch5.RestApi", "BWDotNetTrainingBatch5.RestApi\BWDotNetTrainingBatch5.RestApi.csproj", "{B171E76B-2ACF-481B-ADBC-106789067FF3}"
EndProject
Project("{FAE04EC0-301F-11D3-BF4B-00C04F79EFBC}") = "BWDotNetTrainingBatch5.Shared", "BWDotNetTrainingBatch5.Shared\BWDotNetTrainingBatch5.Shared.csproj", "{0C277DAC-AD37-4840-8E79-23B56FD71297}"
EndProject
Project("{FAE04EC0-301F-11D3-BF4B-00C04F79EFBC}") = "BWDotNetTrainingBatch5.MinimalApi", "BWDotNetTrainingBatch5.MinimalApi\BWDotNetTrainingBatch5.MinimalApi.csproj", "{4355AC6E-9019-46BD-A0C7-6AA9C7001D98}"
EndProject
Project("{FAE04EC0-301F-11D3-BF4B-00C04F79EFBC}") = "BWDotNetTrainingBatch5.BirdMinimalApi", "BWDotNetTrainingBatch5.BirdMinimalApi\BWDotNetTrainingBatch5.BirdMinimalApi.csproj", "{A11A780B-AB19-40AA-8757-A88B17AA54C9}"
EndProject
Project("{FAE04EC0-301F-11D3-BF4B-00C04F79EFBC}") = "BWDotNetTrainingBatch5.SnakeMinimalApi", "BWDotNetTrainingBatch5.SnakeMinimalApi\BWDotNetTrainingBatch5.SnakeMinimalApi.csproj", "{B3012AC2-2033-4D1B-AC44-ECEBF86A60C8}"
EndProject
Project("{FAE04EC0-301F-11D3-BF4B-00C04F79EFBC}") = "BWDotNetTrainingBatch5.PickAPileMinimalApi", "BWDotNetTrainingBatch5.PickAPileMinimalApi\BWDotNetTrainingBatch5.PickAPileMinimalApi.csproj", "{8A242F79-8DB2-4A23-8D13-6F3EF55BC295}"
EndProject
Project("{FAE04EC0-301F-11D3-BF4B-00C04F79EFBC}") = "BWDotNetTrainingBatch5.Domain", "BWDotNetTrainingBatch5.Domain\BWDotNetTrainingBatch5.Domain.csproj", "{2B85A119-DD0F-414C-BFC1-4CE5E66E22FB}"
EndProject
Project("{FAE04EC0-301F-11D3-BF4B-00C04F79EFBC}") = "BWDotNetTrainingBatch5.ConsoleApp3", "BWDotNetTrainingBatch5.ConsoleApp3\BWDotNetTrainingBatch5.ConsoleApp3.csproj", "{9597F30B-09B7-48B8-B780-155E76ACA7C4}"
EndProject
Project("{FAE04EC0-301F-11D3-BF4B-00C04F79EFBC}") = "BWDotNetTrainingBatch5.RestApi2", "BWDotNetTrainingBatch5.RestApi2\BWDotNetTrainingBatch5.RestApi2.csproj", "{C82ED029-B414-49A3-A31C-265E10A6AE4E}"
EndProject
Project("{FAE04EC0-301F-11D3-BF4B-00C04F79EFBC}") = "BWDotNetTrainingBatch5.RestApi3", "BWDotNetTrainingBatch5.RestApi3\BWDotNetTrainingBatch5.RestApi3.csproj", "{29DD9E3C-0EC8-4FDF-BA0B-362F2C6CB359}"
EndProject
Project("{FAE04EC0-301F-11D3-BF4B-00C04F79EFBC}") = "BWDotNetTrainingBatch5.MvcApp", "BWDotNetTrainingBatch5.MvcApp\BWDotNetTrainingBatch5.MvcApp.csproj", "{6731A48A-1D49-4185-9C05-BA64395E48BA}"
EndProject
Global
	GlobalSection(SolutionConfigurationPlatforms) = preSolution
		Debug|Any CPU = Debug|Any CPU
		Release|Any CPU = Release|Any CPU
	EndGlobalSection
	GlobalSection(ProjectConfigurationPlatforms) = postSolution
		{77173262-D654-4FD8-818B-EDA15F6E1AD8}.Debug|Any CPU.ActiveCfg = Debug|Any CPU
		{77173262-D654-4FD8-818B-EDA15F6E1AD8}.Debug|Any CPU.Build.0 = Debug|Any CPU
		{77173262-D654-4FD8-818B-EDA15F6E1AD8}.Release|Any CPU.ActiveCfg = Release|Any CPU
		{77173262-D654-4FD8-818B-EDA15F6E1AD8}.Release|Any CPU.Build.0 = Release|Any CPU
		{433354F4-A225-4E31-B771-27EC999C1421}.Debug|Any CPU.ActiveCfg = Debug|Any CPU
		{433354F4-A225-4E31-B771-27EC999C1421}.Debug|Any CPU.Build.0 = Debug|Any CPU
		{433354F4-A225-4E31-B771-27EC999C1421}.Release|Any CPU.ActiveCfg = Release|Any CPU
		{433354F4-A225-4E31-B771-27EC999C1421}.Release|Any CPU.Build.0 = Release|Any CPU
		{7234797E-E0E2-4756-921F-9032B1DFB04A}.Debug|Any CPU.ActiveCfg = Debug|Any CPU
		{7234797E-E0E2-4756-921F-9032B1DFB04A}.Debug|Any CPU.Build.0 = Debug|Any CPU
		{7234797E-E0E2-4756-921F-9032B1DFB04A}.Release|Any CPU.ActiveCfg = Release|Any CPU
		{7234797E-E0E2-4756-921F-9032B1DFB04A}.Release|Any CPU.Build.0 = Release|Any CPU
		{B171E76B-2ACF-481B-ADBC-106789067FF3}.Debug|Any CPU.ActiveCfg = Debug|Any CPU
		{B171E76B-2ACF-481B-ADBC-106789067FF3}.Debug|Any CPU.Build.0 = Debug|Any CPU
		{B171E76B-2ACF-481B-ADBC-106789067FF3}.Release|Any CPU.ActiveCfg = Release|Any CPU
		{B171E76B-2ACF-481B-ADBC-106789067FF3}.Release|Any CPU.Build.0 = Release|Any CPU
		{0C277DAC-AD37-4840-8E79-23B56FD71297}.Debug|Any CPU.ActiveCfg = Debug|Any CPU
		{0C277DAC-AD37-4840-8E79-23B56FD71297}.Debug|Any CPU.Build.0 = Debug|Any CPU
		{0C277DAC-AD37-4840-8E79-23B56FD71297}.Release|Any CPU.ActiveCfg = Release|Any CPU
		{0C277DAC-AD37-4840-8E79-23B56FD71297}.Release|Any CPU.Build.0 = Release|Any CPU
		{4355AC6E-9019-46BD-A0C7-6AA9C7001D98}.Debug|Any CPU.ActiveCfg = Debug|Any CPU
		{4355AC6E-9019-46BD-A0C7-6AA9C7001D98}.Debug|Any CPU.Build.0 = Debug|Any CPU
		{4355AC6E-9019-46BD-A0C7-6AA9C7001D98}.Release|Any CPU.ActiveCfg = Release|Any CPU
		{4355AC6E-9019-46BD-A0C7-6AA9C7001D98}.Release|Any CPU.Build.0 = Release|Any CPU
		{A11A780B-AB19-40AA-8757-A88B17AA54C9}.Debug|Any CPU.ActiveCfg = Debug|Any CPU
		{A11A780B-AB19-40AA-8757-A88B17AA54C9}.Debug|Any CPU.Build.0 = Debug|Any CPU
		{A11A780B-AB19-40AA-8757-A88B17AA54C9}.Release|Any CPU.ActiveCfg = Release|Any CPU
		{A11A780B-AB19-40AA-8757-A88B17AA54C9}.Release|Any CPU.Build.0 = Release|Any CPU
		{B3012AC2-2033-4D1B-AC44-ECEBF86A60C8}.Debug|Any CPU.ActiveCfg = Debug|Any CPU
		{B3012AC2-2033-4D1B-AC44-ECEBF86A60C8}.Debug|Any CPU.Build.0 = Debug|Any CPU
		{B3012AC2-2033-4D1B-AC44-ECEBF86A60C8}.Release|Any CPU.ActiveCfg = Release|Any CPU
		{B3012AC2-2033-4D1B-AC44-ECEBF86A60C8}.Release|Any CPU.Build.0 = Release|Any CPU
		{8A242F79-8DB2-4A23-8D13-6F3EF55BC295}.Debug|Any CPU.ActiveCfg = Debug|Any CPU
		{8A242F79-8DB2-4A23-8D13-6F3EF55BC295}.Debug|Any CPU.Build.0 = Debug|Any CPU
		{8A242F79-8DB2-4A23-8D13-6F3EF55BC295}.Release|Any CPU.ActiveCfg = Release|Any CPU
		{8A242F79-8DB2-4A23-8D13-6F3EF55BC295}.Release|Any CPU.Build.0 = Release|Any CPU
		{2B85A119-DD0F-414C-BFC1-4CE5E66E22FB}.Debug|Any CPU.ActiveCfg = Debug|Any CPU
		{2B85A119-DD0F-414C-BFC1-4CE5E66E22FB}.Debug|Any CPU.Build.0 = Debug|Any CPU
		{2B85A119-DD0F-414C-BFC1-4CE5E66E22FB}.Release|Any CPU.ActiveCfg = Release|Any CPU
		{2B85A119-DD0F-414C-BFC1-4CE5E66E22FB}.Release|Any CPU.Build.0 = Release|Any CPU
		{9597F30B-09B7-48B8-B780-155E76ACA7C4}.Debug|Any CPU.ActiveCfg = Debug|Any CPU
		{9597F30B-09B7-48B8-B780-155E76ACA7C4}.Debug|Any CPU.Build.0 = Debug|Any CPU
		{9597F30B-09B7-48B8-B780-155E76ACA7C4}.Release|Any CPU.ActiveCfg = Release|Any CPU
		{9597F30B-09B7-48B8-B780-155E76ACA7C4}.Release|Any CPU.Build.0 = Release|Any CPU
		{C82ED029-B414-49A3-A31C-265E10A6AE4E}.Debug|Any CPU.ActiveCfg = Debug|Any CPU
		{C82ED029-B414-49A3-A31C-265E10A6AE4E}.Debug|Any CPU.Build.0 = Debug|Any CPU
		{C82ED029-B414-49A3-A31C-265E10A6AE4E}.Release|Any CPU.ActiveCfg = Release|Any CPU
		{C82ED029-B414-49A3-A31C-265E10A6AE4E}.Release|Any CPU.Build.0 = Release|Any CPU
		{29DD9E3C-0EC8-4FDF-BA0B-362F2C6CB359}.Debug|Any CPU.ActiveCfg = Debug|Any CPU
		{29DD9E3C-0EC8-4FDF-BA0B-362F2C6CB359}.Debug|Any CPU.Build.0 = Debug|Any CPU
		{29DD9E3C-0EC8-4FDF-BA0B-362F2C6CB359}.Release|Any CPU.ActiveCfg = Release|Any CPU
		{29DD9E3C-0EC8-4FDF-BA0B-362F2C6CB359}.Release|Any CPU.Build.0 = Release|Any CPU
		{6731A48A-1D49-4185-9C05-BA64395E48BA}.Debug|Any CPU.ActiveCfg = Debug|Any CPU
		{6731A48A-1D49-4185-9C05-BA64395E48BA}.Debug|Any CPU.Build.0 = Debug|Any CPU
		{6731A48A-1D49-4185-9C05-BA64395E48BA}.Release|Any CPU.ActiveCfg = Release|Any CPU
		{6731A48A-1D49-4185-9C05-BA64395E48BA}.Release|Any CPU.Build.0 = Release|Any CPU
	EndGlobalSection
EndGlobal
